
Microsoft Visual Studio Solution File, Format Version 10.00
# Visual Studio 2008
Project("{FAE04EC0-301F-11D3-BF4B-00C04F79EFBC}") = "WittyUnitTests", "WittyUnitTests\WittyUnitTests.csproj", "{1DC7F2FB-9B66-4FCA-B8F4-6A4DEE880A68}"
EndProject
Project("{FAE04EC0-301F-11D3-BF4B-00C04F79EFBC}") = "TwitterLib", "TwitterLib\TwitterLib.csproj", "{6CB55919-6C11-43A1-8769-57461BE5B0AE}"
EndProject
Global
	GlobalSection(SolutionConfigurationPlatforms) = preSolution
		Debug|Any CPU = Debug|Any CPU
		Release|Any CPU = Release|Any CPU
	EndGlobalSection
	GlobalSection(ProjectConfigurationPlatforms) = postSolution
		{1DC7F2FB-9B66-4FCA-B8F4-6A4DEE880A68}.Debug|Any CPU.ActiveCfg = Debug|Any CPU
		{1DC7F2FB-9B66-4FCA-B8F4-6A4DEE880A68}.Debug|Any CPU.Build.0 = Debug|Any CPU
		{1DC7F2FB-9B66-4FCA-B8F4-6A4DEE880A68}.Release|Any CPU.ActiveCfg = Release|Any CPU
		{1DC7F2FB-9B66-4FCA-B8F4-6A4DEE880A68}.Release|Any CPU.Build.0 = Release|Any CPU
		{6CB55919-6C11-43A1-8769-57461BE5B0AE}.Debug|Any CPU.ActiveCfg = Debug|Any CPU
		{6CB55919-6C11-43A1-8769-57461BE5B0AE}.Debug|Any CPU.Build.0 = Debug|Any CPU
		{6CB55919-6C11-43A1-8769-57461BE5B0AE}.Release|Any CPU.ActiveCfg = Release|Any CPU
		{6CB55919-6C11-43A1-8769-57461BE5B0AE}.Release|Any CPU.Build.0 = Release|Any CPU
	EndGlobalSection
	GlobalSection(SolutionProperties) = preSolution
		HideSolutionNode = FALSE
	EndGlobalSection
EndGlobal
